// !$*UTF8*$!
{
	archiveVersion = 1;
	classes = {
	};
	objectVersion = 46;
	objects = {

/* Begin PBXBuildFile section */
		1DF90C4C182F53EE0009C573 /* Foundation.framework in Frameworks */ = {isa = PBXBuildFile; fileRef = 1DF90C4B182F53EE0009C573 /* Foundation.framework */; };
		1DF90C4E182FA3E50009C573 /* Localizable.strings in Resources */ = {isa = PBXBuildFile; fileRef = 1DF90C4D182FA3E50009C573 /* Localizable.strings */; };
		93B7338717AA90E10075853F /* CoreFoundation.framework in Frameworks */ = {isa = PBXBuildFile; fileRef = 93B7338617AA90E10075853F /* CoreFoundation.framework */; };
		93B7338D17AA90E10075853F /* InfoPlist.strings in Resources */ = {isa = PBXBuildFile; fileRef = 93B7338B17AA90E10075853F /* InfoPlist.strings */; };
		93B7339517AA91160075853F /* Window.xib in Resources */ = {isa = PBXBuildFile; fileRef = 93B7339417AA91160075853F /* Window.xib */; };
		93B7339D17AA91CC0075853F /* PluginController.m in Sources */ = {isa = PBXBuildFile; fileRef = 93B7339C17AA91CC0075853F /* PluginController.m */; };
		93B733A017AA925A0075853F /* LyricsWindowController.m in Sources */ = {isa = PBXBuildFile; fileRef = 93B7339F17AA925A0075853F /* LyricsWindowController.m */; };
		93B733A217AA938B0075853F /* Cocoa.framework in Frameworks */ = {isa = PBXBuildFile; fileRef = 93B733A117AA938B0075853F /* Cocoa.framework */; };
		93B733A817AA94FD0075853F /* PkgInfo in CopyFiles */ = {isa = PBXBuildFile; fileRef = 93B733A317AA94720075853F /* PkgInfo */; };
/* End PBXBuildFile section */

/* Begin PBXCopyFilesBuildPhase section */
		93B733A517AA94830075853F /* CopyFiles */ = {
			isa = PBXCopyFilesBuildPhase;
			buildActionMask = 12;
			dstPath = ..;
			dstSubfolderSpec = 7;
			files = (
				93B733A817AA94FD0075853F /* PkgInfo in CopyFiles */,
			);
			runOnlyForDeploymentPostprocessing = 0;
		};
/* End PBXCopyFilesBuildPhase section */

/* Begin PBXFileReference section */
		1DF90C4B182F53EE0009C573 /* Foundation.framework */ = {isa = PBXFileReference; lastKnownFileType = wrapper.framework; name = Foundation.framework; path = System/Library/Frameworks/Foundation.framework; sourceTree = SDKROOT; };
		1DF90C4D182FA3E50009C573 /* Localizable.strings */ = {isa = PBXFileReference; fileEncoding = 4; lastKnownFileType = text.plist.strings; path = Localizable.strings; sourceTree = "<group>"; };
		93B7338317AA90E10075853F /* Lyrics4Itunes.bundle */ = {isa = PBXFileReference; explicitFileType = wrapper.cfbundle; includeInIndex = 0; path = Lyrics4Itunes.bundle; sourceTree = BUILT_PRODUCTS_DIR; };
		93B7338617AA90E10075853F /* CoreFoundation.framework */ = {isa = PBXFileReference; lastKnownFileType = wrapper.framework; name = CoreFoundation.framework; path = System/Library/Frameworks/CoreFoundation.framework; sourceTree = SDKROOT; };
		93B7338A17AA90E10075853F /* Lyrics4Itunes-Info.plist */ = {isa = PBXFileReference; lastKnownFileType = text.plist.xml; path = "Lyrics4Itunes-Info.plist"; sourceTree = "<group>"; };
		93B7338C17AA90E10075853F /* en */ = {isa = PBXFileReference; lastKnownFileType = text.plist.strings; name = en; path = en.lproj/InfoPlist.strings; sourceTree = "<group>"; };
		93B7338E17AA90E10075853F /* Lyrics4Itunes-Prefix.pch */ = {isa = PBXFileReference; lastKnownFileType = sourcecode.c.h; path = "Lyrics4Itunes-Prefix.pch"; sourceTree = "<group>"; };
		93B7339417AA91160075853F /* Window.xib */ = {isa = PBXFileReference; fileEncoding = 4; lastKnownFileType = file.xib; path = Window.xib; sourceTree = "<group>"; };
		93B7339B17AA91CC0075853F /* PluginController.h */ = {isa = PBXFileReference; fileEncoding = 4; lastKnownFileType = sourcecode.c.h; path = PluginController.h; sourceTree = "<group>"; };
		93B7339C17AA91CC0075853F /* PluginController.m */ = {isa = PBXFileReference; fileEncoding = 4; lastKnownFileType = sourcecode.c.objc; path = PluginController.m; sourceTree = "<group>"; };
		93B7339E17AA925A0075853F /* LyricsWindowController.h */ = {isa = PBXFileReference; fileEncoding = 4; lastKnownFileType = sourcecode.c.h; path = LyricsWindowController.h; sourceTree = "<group>"; };
		93B7339F17AA925A0075853F /* LyricsWindowController.m */ = {isa = PBXFileReference; fileEncoding = 4; lastKnownFileType = sourcecode.c.objc; path = LyricsWindowController.m; sourceTree = "<group>"; };
		93B733A117AA938B0075853F /* Cocoa.framework */ = {isa = PBXFileReference; lastKnownFileType = wrapper.framework; name = Cocoa.framework; path = System/Library/Frameworks/Cocoa.framework; sourceTree = SDKROOT; };
		93B733A317AA94720075853F /* PkgInfo */ = {isa = PBXFileReference; fileEncoding = 4; lastKnownFileType = text; path = PkgInfo; sourceTree = "<group>"; };
/* End PBXFileReference section */

/* Begin PBXFrameworksBuildPhase section */
		93B7338017AA90E10075853F /* Frameworks */ = {
			isa = PBXFrameworksBuildPhase;
			buildActionMask = 2147483647;
			files = (
				1DF90C4C182F53EE0009C573 /* Foundation.framework in Frameworks */,
				93B733A217AA938B0075853F /* Cocoa.framework in Frameworks */,
				93B7338717AA90E10075853F /* CoreFoundation.framework in Frameworks */,
			);
			runOnlyForDeploymentPostprocessing = 0;
		};
/* End PBXFrameworksBuildPhase section */

/* Begin PBXGroup section */
		93B7337A17AA90E10075853F = {
			isa = PBXGroup;
			children = (
				93B7338817AA90E10075853F /* Lyrics4Itunes */,
				93B7338517AA90E10075853F /* Frameworks */,
				93B7338417AA90E10075853F /* Products */,
			);
			sourceTree = "<group>";
		};
		93B7338417AA90E10075853F /* Products */ = {
			isa = PBXGroup;
			children = (
				93B7338317AA90E10075853F /* Lyrics4Itunes.bundle */,
			);
			name = Products;
			sourceTree = "<group>";
		};
		93B7338517AA90E10075853F /* Frameworks */ = {
			isa = PBXGroup;
			children = (
				1DF90C4B182F53EE0009C573 /* Foundation.framework */,
				93B733A117AA938B0075853F /* Cocoa.framework */,
				93B7338617AA90E10075853F /* CoreFoundation.framework */,
			);
			name = Frameworks;
			sourceTree = "<group>";
		};
		93B7338817AA90E10075853F /* Lyrics4Itunes */ = {
			isa = PBXGroup;
			children = (
				93B7339E17AA925A0075853F /* LyricsWindowController.h */,
				93B7339F17AA925A0075853F /* LyricsWindowController.m */,
				93B7338917AA90E10075853F /* Supporting Files */,
				1DF90C4D182FA3E50009C573 /* Localizable.strings */,
			);
			path = Lyrics4Itunes;
			sourceTree = "<group>";
		};
		93B7338917AA90E10075853F /* Supporting Files */ = {
			isa = PBXGroup;
			children = (
				93B733A317AA94720075853F /* PkgInfo */,
				93B7338A17AA90E10075853F /* Lyrics4Itunes-Info.plist */,
				93B7338B17AA90E10075853F /* InfoPlist.strings */,
				93B7338E17AA90E10075853F /* Lyrics4Itunes-Prefix.pch */,
				93B7339B17AA91CC0075853F /* PluginController.h */,
				93B7339C17AA91CC0075853F /* PluginController.m */,
				93B7339417AA91160075853F /* Window.xib */,
			);
			name = "Supporting Files";
			sourceTree = "<group>";
		};
/* End PBXGroup section */

/* Begin PBXNativeTarget section */
		93B7338217AA90E10075853F /* Lyrics4Itunes */ = {
			isa = PBXNativeTarget;
			buildConfigurationList = 93B7339117AA90E10075853F /* Build configuration list for PBXNativeTarget "Lyrics4Itunes" */;
			buildPhases = (
				93B7337F17AA90E10075853F /* Sources */,
				93B7338017AA90E10075853F /* Frameworks */,
				93B7338117AA90E10075853F /* Resources */,
				93B733A517AA94830075853F /* CopyFiles */,
				1DF36C0818309659001E3804 /* ShellScript */,
			);
			buildRules = (
			);
			dependencies = (
			);
			name = Lyrics4Itunes;
			productName = iTunesPluginDemo;
			productReference = 93B7338317AA90E10075853F /* Lyrics4Itunes.bundle */;
			productType = "com.apple.product-type.bundle";
		};
/* End PBXNativeTarget section */

/* Begin PBXProject section */
		93B7337B17AA90E10075853F /* Project object */ = {
			isa = PBXProject;
			attributes = {
				LastUpgradeCheck = 0460;
				ORGANIZATIONNAME = subo;
			};
			buildConfigurationList = 93B7337E17AA90E10075853F /* Build configuration list for PBXProject "Lyrics4Itunes" */;
			compatibilityVersion = "Xcode 3.2";
			developmentRegion = English;
			hasScannedForEncodings = 0;
			knownRegions = (
				en,
			);
			mainGroup = 93B7337A17AA90E10075853F;
			productRefGroup = 93B7338417AA90E10075853F /* Products */;
			projectDirPath = "";
			projectRoot = "";
			targets = (
				93B7338217AA90E10075853F /* Lyrics4Itunes */,
			);
		};
/* End PBXProject section */

/* Begin PBXResourcesBuildPhase section */
		93B7338117AA90E10075853F /* Resources */ = {
			isa = PBXResourcesBuildPhase;
			buildActionMask = 2147483647;
			files = (
				93B7338D17AA90E10075853F /* InfoPlist.strings in Resources */,
				1DF90C4E182FA3E50009C573 /* Localizable.strings in Resources */,
				93B7339517AA91160075853F /* Window.xib in Resources */,
			);
			runOnlyForDeploymentPostprocessing = 0;
		};
/* End PBXResourcesBuildPhase section */

/* Begin PBXShellScriptBuildPhase section */
		1DF36C0818309659001E3804 /* ShellScript */ = {
			isa = PBXShellScriptBuildPhase;
			buildActionMask = 2147483647;
			files = (
			);
			inputPaths = (
			);
			outputPaths = (
			);
			runOnlyForDeploymentPostprocessing = 0;
			shellPath = /bin/sh;
			shellScript = "rm -rf ~/Library/iTunes/iTunes\\ Plug-ins/$PRODUCT_NAME.bundle\ncp -r \"$BUILD_DIR/$CONFIGURATION$EFFECTIVE_PLATFORM_NAME/$PRODUCT_NAME.bundle\" ~/Library/iTunes/iTunes\\ Plug-ins/$PRODUCT_NAME.bundle";
		};
/* End PBXShellScriptBuildPhase section */

/* Begin PBXSourcesBuildPhase section */
		93B7337F17AA90E10075853F /* Sources */ = {
			isa = PBXSourcesBuildPhase;
			buildActionMask = 2147483647;
			files = (
				93B7339D17AA91CC0075853F /* PluginController.m in Sources */,
				93B733A017AA925A0075853F /* LyricsWindowController.m in Sources */,
			);
			runOnlyForDeploymentPostprocessing = 0;
		};
/* End PBXSourcesBuildPhase section */

/* Begin PBXVariantGroup section */
		93B7338B17AA90E10075853F /* InfoPlist.strings */ = {
			isa = PBXVariantGroup;
			children = (
				93B7338C17AA90E10075853F /* en */,
			);
			name = InfoPlist.strings;
			sourceTree = "<group>";
		};
/* End PBXVariantGroup section */

/* Begin XCBuildConfiguration section */
		93B7338F17AA90E10075853F /* Debug */ = {
			isa = XCBuildConfiguration;
			buildSettings = {
				ALWAYS_SEARCH_USER_PATHS = NO;
				CLANG_CXX_LANGUAGE_STANDARD = "gnu++0x";
				CLANG_CXX_LIBRARY = "libc++";
				CLANG_WARN_CONSTANT_CONVERSION = YES;
				CLANG_WARN_EMPTY_BODY = YES;
				CLANG_WARN_ENUM_CONVERSION = YES;
				CLANG_WARN_INT_CONVERSION = YES;
				CLANG_WARN__DUPLICATE_METHOD_MATCH = YES;
				COPY_PHASE_STRIP = NO;
				GCC_C_LANGUAGE_STANDARD = gnu99;
				GCC_DYNAMIC_NO_PIC = NO;
				GCC_ENABLE_OBJC_EXCEPTIONS = YES;
				GCC_OPTIMIZATION_LEVEL = 0;
				GCC_PREPROCESSOR_DEFINITIONS = (
					"DEBUG=1",
					"$(inherited)",
				);
				GCC_SYMBOLS_PRIVATE_EXTERN = NO;
				GCC_WARN_64_TO_32_BIT_CONVERSION = YES;
				GCC_WARN_ABOUT_RETURN_TYPE = YES;
				GCC_WARN_UNINITIALIZED_AUTOS = YES;
				GCC_WARN_UNUSED_VARIABLE = YES;
				MACOSX_DEPLOYMENT_TARGET = 10.9;
				ONLY_ACTIVE_ARCH = YES;
				SDKROOT = macosx;
			};
			name = Debug;
		};
		93B7339017AA90E10075853F /* Release */ = {
			isa = XCBuildConfiguration;
			buildSettings = {
				ALWAYS_SEARCH_USER_PATHS = NO;
				CLANG_CXX_LANGUAGE_STANDARD = "gnu++0x";
				CLANG_CXX_LIBRARY = "libc++";
				CLANG_WARN_CONSTANT_CONVERSION = YES;
				CLANG_WARN_EMPTY_BODY = YES;
				CLANG_WARN_ENUM_CONVERSION = YES;
				CLANG_WARN_INT_CONVERSION = YES;
				CLANG_WARN__DUPLICATE_METHOD_MATCH = YES;
				COPY_PHASE_STRIP = YES;
				DEBUG_INFORMATION_FORMAT = "dwarf-with-dsym";
				GCC_C_LANGUAGE_STANDARD = gnu99;
				GCC_ENABLE_OBJC_EXCEPTIONS = YES;
				GCC_WARN_64_TO_32_BIT_CONVERSION = YES;
				GCC_WARN_ABOUT_RETURN_TYPE = YES;
				GCC_WARN_UNINITIALIZED_AUTOS = YES;
				GCC_WARN_UNUSED_VARIABLE = YES;
				MACOSX_DEPLOYMENT_TARGET = 10.9;
				SDKROOT = macosx;
			};
			name = Release;
		};
		93B7339217AA90E10075853F /* Debug */ = {
			isa = XCBuildConfiguration;
			buildSettings = {
				COMBINE_HIDPI_IMAGES = YES;
				GCC_PRECOMPILE_PREFIX_HEADER = YES;
				GCC_PREFIX_HEADER = "Lyrics4Itunes/Lyrics4Itunes-Prefix.pch";
				INFOPLIST_FILE = "Lyrics4Itunes/Lyrics4Itunes-Info.plist";
				INSTALL_PATH = "~/Library/iTunes/iTunes Plug-ins";
				PRODUCT_NAME = Lyrics4Itunes;
				SDKROOT = macosx;
				SKIP_INSTALL = YES;
				WRAPPER_EXTENSION = bundle;
			};
			name = Debug;
		};
		93B7339317AA90E10075853F /* Release */ = {
			isa = XCBuildConfiguration;
			buildSettings = {
				COMBINE_HIDPI_IMAGES = YES;
				GCC_PRECOMPILE_PREFIX_HEADER = YES;
				GCC_PREFIX_HEADER = "Lyrics4Itunes/Lyrics4Itunes-Prefix.pch";
				INFOPLIST_FILE = "Lyrics4Itunes/Lyrics4Itunes-Info.plist";
				INSTALL_PATH = "~/Library/iTunes/iTunes Plug-ins";
				PRODUCT_NAME = Lyrics4Itunes;
				SDKROOT = macosx;
				SKIP_INSTALL = YES;
				WRAPPER_EXTENSION = bundle;
			};
			name = Release;
		};
/* End XCBuildConfiguration section */

/* Begin XCConfigurationList section */
		93B7337E17AA90E10075853F /* Build configuration list for PBXProject "Lyrics4Itunes" */ = {
			isa = XCConfigurationList;
			buildConfigurations = (
				93B7338F17AA90E10075853F /* Debug */,
				93B7339017AA90E10075853F /* Release */,
			);
			defaultConfigurationIsVisible = 0;
			defaultConfigurationName = Release;
		};
		93B7339117AA90E10075853F /* Build configuration list for PBXNativeTarget "Lyrics4Itunes" */ = {
			isa = XCConfigurationList;
			buildConfigurations = (
				93B7339217AA90E10075853F /* Debug */,
				93B7339317AA90E10075853F /* Release */,
			);
			defaultConfigurationIsVisible = 0;
			defaultConfigurationName = Release;
		};
/* End XCConfigurationList section */
	};
	rootObject = 93B7337B17AA90E10075853F /* Project object */;
}
